// !$*UTF8*$!
{
	archiveVersion = 1;
	classes = {
	};
	objectVersion = 46;
	objects = {

/* Begin PBXBuildFile section */
		DD33BF531A758C8B007501D0 /* CSV.swift in Sources */ = {isa = PBXBuildFile; fileRef = DD33BF521A758C8B007501D0 /* CSV.swift */; };
		DD90B3CB1A6D647C0095202C /* AppDelegate.swift in Sources */ = {isa = PBXBuildFile; fileRef = DD90B3CA1A6D647C0095202C /* AppDelegate.swift */; };
		DD90B3CD1A6D647C0095202C /* ViewController.swift in Sources */ = {isa = PBXBuildFile; fileRef = DD90B3CC1A6D647C0095202C /* ViewController.swift */; };
		DD90B3D01A6D647C0095202C /* Main.storyboard in Resources */ = {isa = PBXBuildFile; fileRef = DD90B3CE1A6D647C0095202C /* Main.storyboard */; };
		DD90B3D21A6D647C0095202C /* Images.xcassets in Resources */ = {isa = PBXBuildFile; fileRef = DD90B3D11A6D647C0095202C /* Images.xcassets */; };
		DD90B3D51A6D647C0095202C /* LaunchScreen.xib in Resources */ = {isa = PBXBuildFile; fileRef = DD90B3D31A6D647C0095202C /* LaunchScreen.xib */; };
		DD90B3E11A6D647C0095202C /* DerDieDas_pTests.swift in Sources */ = {isa = PBXBuildFile; fileRef = DD90B3E01A6D647C0095202C /* DerDieDas_pTests.swift */; };
/* End PBXBuildFile section */

/* Begin PBXContainerItemProxy section */
		DD90B3DB1A6D647C0095202C /* PBXContainerItemProxy */ = {
			isa = PBXContainerItemProxy;
			containerPortal = DD90B3BD1A6D647B0095202C /* Project object */;
			proxyType = 1;
			remoteGlobalIDString = DD90B3C41A6D647C0095202C;
			remoteInfo = DerDieDas_p;
		};
/* End PBXContainerItemProxy section */

/* Begin PBXFileReference section */
		DD33BF521A758C8B007501D0 /* CSV.swift */ = {isa = PBXFileReference; fileEncoding = 4; lastKnownFileType = sourcecode.swift; path = CSV.swift; sourceTree = "<group>"; };
		DD90B3C51A6D647C0095202C /* DerDieDas_p.app */ = {isa = PBXFileReference; explicitFileType = wrapper.application; includeInIndex = 0; path = DerDieDas_p.app; sourceTree = BUILT_PRODUCTS_DIR; };
		DD90B3C91A6D647C0095202C /* Info.plist */ = {isa = PBXFileReference; lastKnownFileType = text.plist.xml; path = Info.plist; sourceTree = "<group>"; };
		DD90B3CA1A6D647C0095202C /* AppDelegate.swift */ = {isa = PBXFileReference; lastKnownFileType = sourcecode.swift; path = AppDelegate.swift; sourceTree = "<group>"; };
		DD90B3CC1A6D647C0095202C /* ViewController.swift */ = {isa = PBXFileReference; lastKnownFileType = sourcecode.swift; path = ViewController.swift; sourceTree = "<group>"; };
		DD90B3CF1A6D647C0095202C /* Base */ = {isa = PBXFileReference; lastKnownFileType = file.storyboard; name = Base; path = Base.lproj/Main.storyboard; sourceTree = "<group>"; };
		DD90B3D11A6D647C0095202C /* Images.xcassets */ = {isa = PBXFileReference; lastKnownFileType = folder.assetcatalog; path = Images.xcassets; sourceTree = "<group>"; };
		DD90B3D41A6D647C0095202C /* Base */ = {isa = PBXFileReference; lastKnownFileType = file.xib; name = Base; path = Base.lproj/LaunchScreen.xib; sourceTree = "<group>"; };
		DD90B3DA1A6D647C0095202C /* DerDieDas_pTests.xctest */ = {isa = PBXFileReference; explicitFileType = wrapper.cfbundle; includeInIndex = 0; path = DerDieDas_pTests.xctest; sourceTree = BUILT_PRODUCTS_DIR; };
		DD90B3DF1A6D647C0095202C /* Info.plist */ = {isa = PBXFileReference; lastKnownFileType = text.plist.xml; path = Info.plist; sourceTree = "<group>"; };
		DD90B3E01A6D647C0095202C /* DerDieDas_pTests.swift */ = {isa = PBXFileReference; lastKnownFileType = sourcecode.swift; path = DerDieDas_pTests.swift; sourceTree = "<group>"; };
/* End PBXFileReference section */

/* Begin PBXFrameworksBuildPhase section */
		DD90B3C21A6D647C0095202C /* Frameworks */ = {
			isa = PBXFrameworksBuildPhase;
			buildActionMask = 2147483647;
			files = (
			);
			runOnlyForDeploymentPostprocessing = 0;
		};
		DD90B3D71A6D647C0095202C /* Frameworks */ = {
			isa = PBXFrameworksBuildPhase;
			buildActionMask = 2147483647;
			files = (
			);
			runOnlyForDeploymentPostprocessing = 0;
		};
/* End PBXFrameworksBuildPhase section */

/* Begin PBXGroup section */
		DD90B3BC1A6D647B0095202C = {
			isa = PBXGroup;
			children = (
				DD90B3C71A6D647C0095202C /* DerDieDas_p */,
				DD90B3DD1A6D647C0095202C /* DerDieDas_pTests */,
				DD90B3C61A6D647C0095202C /* Products */,
			);
			sourceTree = "<group>";
		};
		DD90B3C61A6D647C0095202C /* Products */ = {
			isa = PBXGroup;
			children = (
				DD90B3C51A6D647C0095202C /* DerDieDas_p.app */,
				DD90B3DA1A6D647C0095202C /* DerDieDas_pTests.xctest */,
			);
			name = Products;
			sourceTree = "<group>";
		};
		DD90B3C71A6D647C0095202C /* DerDieDas_p */ = {
			isa = PBXGroup;
			children = (
				DD33BF521A758C8B007501D0 /* CSV.swift */,
				DD90B3CA1A6D647C0095202C /* AppDelegate.swift */,
				DD90B3CC1A6D647C0095202C /* ViewController.swift */,
				DD90B3CE1A6D647C0095202C /* Main.storyboard */,
				DD90B3D11A6D647C0095202C /* Images.xcassets */,
				DD90B3D31A6D647C0095202C /* LaunchScreen.xib */,
				DD90B3C81A6D647C0095202C /* Supporting Files */,
			);
			path = DerDieDas_p;
			sourceTree = "<group>";
		};
		DD90B3C81A6D647C0095202C /* Supporting Files */ = {
			isa = PBXGroup;
			children = (
				DD90B3C91A6D647C0095202C /* Info.plist */,
			);
			name = "Supporting Files";
			sourceTree = "<group>";
		};
		DD90B3DD1A6D647C0095202C /* DerDieDas_pTests */ = {
			isa = PBXGroup;
			children = (
				DD90B3E01A6D647C0095202C /* DerDieDas_pTests.swift */,
				DD90B3DE1A6D647C0095202C /* Supporting Files */,
			);
			path = DerDieDas_pTests;
			sourceTree = "<group>";
		};
		DD90B3DE1A6D647C0095202C /* Supporting Files */ = {
			isa = PBXGroup;
			children = (
				DD90B3DF1A6D647C0095202C /* Info.plist */,
			);
			name = "Supporting Files";
			sourceTree = "<group>";
		};
/* End PBXGroup section */

/* Begin PBXNativeTarget section */
		DD90B3C41A6D647C0095202C /* DerDieDas_p */ = {
			isa = PBXNativeTarget;
			buildConfigurationList = DD90B3E41A6D647C0095202C /* Build configuration list for PBXNativeTarget "DerDieDas_p" */;
			buildPhases = (
				DD90B3C11A6D647C0095202C /* Sources */,
				DD90B3C21A6D647C0095202C /* Frameworks */,
				DD90B3C31A6D647C0095202C /* Resources */,
			);
			buildRules = (
			);
			dependencies = (
			);
			name = DerDieDas_p;
			productName = DerDieDas_p;
			productReference = DD90B3C51A6D647C0095202C /* DerDieDas_p.app */;
			productType = "com.apple.product-type.application";
		};
		DD90B3D91A6D647C0095202C /* DerDieDas_pTests */ = {
			isa = PBXNativeTarget;
			buildConfigurationList = DD90B3E71A6D647C0095202C /* Build configuration list for PBXNativeTarget "DerDieDas_pTests" */;
			buildPhases = (
				DD90B3D61A6D647C0095202C /* Sources */,
				DD90B3D71A6D647C0095202C /* Frameworks */,
				DD90B3D81A6D647C0095202C /* Resources */,
			);
			buildRules = (
			);
			dependencies = (
				DD90B3DC1A6D647C0095202C /* PBXTargetDependency */,
			);
			name = DerDieDas_pTests;
			productName = DerDieDas_pTests;
			productReference = DD90B3DA1A6D647C0095202C /* DerDieDas_pTests.xctest */;
			productType = "com.apple.product-type.bundle.unit-test";
		};
/* End PBXNativeTarget section */

/* Begin PBXProject section */
		DD90B3BD1A6D647B0095202C /* Project object */ = {
			isa = PBXProject;
			attributes = {
				LastUpgradeCheck = 0610;
				ORGANIZATIONNAME = "Gabor Silber";
				TargetAttributes = {
					DD90B3C41A6D647C0095202C = {
						CreatedOnToolsVersion = 6.1.1;
					};
					DD90B3D91A6D647C0095202C = {
						CreatedOnToolsVersion = 6.1.1;
						TestTargetID = DD90B3C41A6D647C0095202C;
					};
				};
			};
			buildConfigurationList = DD90B3C01A6D647C0095202C /* Build configuration list for PBXProject "DerDieDas_p" */;
			compatibilityVersion = "Xcode 3.2";
			developmentRegion = English;
			hasScannedForEncodings = 0;
			knownRegions = (
				en,
				Base,
			);
			mainGroup = DD90B3BC1A6D647B0095202C;
			productRefGroup = DD90B3C61A6D647C0095202C /* Products */;
			projectDirPath = "";
			projectRoot = "";
			targets = (
				DD90B3C41A6D647C0095202C /* DerDieDas_p */,
				DD90B3D91A6D647C0095202C /* DerDieDas_pTests */,
			);
		};
/* End PBXProject section */

/* Begin PBXResourcesBuildPhase section */
		DD90B3C31A6D647C0095202C /* Resources */ = {
			isa = PBXResourcesBuildPhase;
			buildActionMask = 2147483647;
			files = (
				DD90B3D01A6D647C0095202C /* Main.storyboard in Resources */,
				DD90B3D51A6D647C0095202C /* LaunchScreen.xib in Resources */,
				DD90B3D21A6D647C0095202C /* Images.xcassets in Resources */,
			);
			runOnlyForDeploymentPostprocessing = 0;
		};
		DD90B3D81A6D647C0095202C /* Resources */ = {
			isa = PBXResourcesBuildPhase;
			buildActionMask = 2147483647;
			files = (
			);
			runOnlyForDeploymentPostprocessing = 0;
		};
/* End PBXResourcesBuildPhase section */

/* Begin PBXSourcesBuildPhase section */
		DD90B3C11A6D647C0095202C /* Sources */ = {
			isa = PBXSourcesBuildPhase;
			buildActionMask = 2147483647;
			files = (
				DD90B3CD1A6D647C0095202C /* ViewController.swift in Sources */,
				DD90B3CB1A6D647C0095202C /* AppDelegate.swift in Sources */,
				DD33BF531A758C8B007501D0 /* CSV.swift in Sources */,
			);
			runOnlyForDeploymentPostprocessing = 0;
		};
		DD90B3D61A6D647C0095202C /* Sources */ = {
			isa = PBXSourcesBuildPhase;
			buildActionMask = 2147483647;
			files = (
				DD90B3E11A6D647C0095202C /* DerDieDas_pTests.swift in Sources */,
			);
			runOnlyForDeploymentPostprocessing = 0;
		};
/* End PBXSourcesBuildPhase section */

/* Begin PBXTargetDependency section */
		DD90B3DC1A6D647C0095202C /* PBXTargetDependency */ = {
			isa = PBXTargetDependency;
			target = DD90B3C41A6D647C0095202C /* DerDieDas_p */;
			targetProxy = DD90B3DB1A6D647C0095202C /* PBXContainerItemProxy */;
		};
/* End PBXTargetDependency section */

/* Begin PBXVariantGroup section */
		DD90B3CE1A6D647C0095202C /* Main.storyboard */ = {
			isa = PBXVariantGroup;
			children = (
				DD90B3CF1A6D647C0095202C /* Base */,
			);
			name = Main.storyboard;
			sourceTree = "<group>";
		};
		DD90B3D31A6D647C0095202C /* LaunchScreen.xib */ = {
			isa = PBXVariantGroup;
			children = (
				DD90B3D41A6D647C0095202C /* Base */,
			);
			name = LaunchScreen.xib;
			sourceTree = "<group>";
		};
/* End PBXVariantGroup section */

/* Begin XCBuildConfiguration section */
		DD90B3E21A6D647C0095202C /* Debug */ = {
			isa = XCBuildConfiguration;
			buildSettings = {
				ALWAYS_SEARCH_USER_PATHS = NO;
				CLANG_CXX_LANGUAGE_STANDARD = "gnu++0x";
				CLANG_CXX_LIBRARY = "libc++";
				CLANG_ENABLE_MODULES = YES;
				CLANG_ENABLE_OBJC_ARC = YES;
				CLANG_WARN_BOOL_CONVERSION = YES;
				CLANG_WARN_CONSTANT_CONVERSION = YES;
				CLANG_WARN_DIRECT_OBJC_ISA_USAGE = YES_ERROR;
				CLANG_WARN_EMPTY_BODY = YES;
				CLANG_WARN_ENUM_CONVERSION = YES;
				CLANG_WARN_INT_CONVERSION = YES;
				CLANG_WARN_OBJC_ROOT_CLASS = YES_ERROR;
				CLANG_WARN_UNREACHABLE_CODE = YES;
				CLANG_WARN__DUPLICATE_METHOD_MATCH = YES;
				"CODE_SIGN_IDENTITY[sdk=iphoneos*]" = "iPhone Developer";
				COPY_PHASE_STRIP = NO;
				ENABLE_STRICT_OBJC_MSGSEND = YES;
				GCC_C_LANGUAGE_STANDARD = gnu99;
				GCC_DYNAMIC_NO_PIC = NO;
				GCC_OPTIMIZATION_LEVEL = 0;
				GCC_PREPROCESSOR_DEFINITIONS = (
					"DEBUG=1",
					"$(inherited)",
				);
				GCC_SYMBOLS_PRIVATE_EXTERN = NO;
				GCC_WARN_64_TO_32_BIT_CONVERSION = YES;
				GCC_WARN_ABOUT_RETURN_TYPE = YES_ERROR;
				GCC_WARN_UNDECLARED_SELECTOR = YES;
				GCC_WARN_UNINITIALIZED_AUTOS = YES_AGGRESSIVE;
				GCC_WARN_UNUSED_FUNCTION = YES;
				GCC_WARN_UNUSED_VARIABLE = YES;
				IPHONEOS_DEPLOYMENT_TARGET = 8.1;
				MTL_ENABLE_DEBUG_INFO = YES;
				ONLY_ACTIVE_ARCH = YES;
				SDKROOT = iphoneos;
				SWIFT_OPTIMIZATION_LEVEL = "-Onone";
			};
			name = Debug;
		};
		DD90B3E31A6D647C0095202C /* Release */ = {
			isa = XCBuildConfiguration;
			buildSettings = {
				ALWAYS_SEARCH_USER_PATHS = NO;
				CLANG_CXX_LANGUAGE_STANDARD = "gnu++0x";
				CLANG_CXX_LIBRARY = "libc++";
				CLANG_ENABLE_MODULES = YES;
				CLANG_ENABLE_OBJC_ARC = YES;
				CLANG_WARN_BOOL_CONVERSION = YES;
				CLANG_WARN_CONSTANT_CONVERSION = YES;
				CLANG_WARN_DIRECT_OBJC_ISA_USAGE = YES_ERROR;
				CLANG_WARN_EMPTY_BODY = YES;
				CLANG_WARN_ENUM_CONVERSION = YES;
				CLANG_WARN_INT_CONVERSION = YES;
				CLANG_WARN_OBJC_ROOT_CLASS = YES_ERROR;
				CLANG_WARN_UNREACHABLE_CODE = YES;
				CLANG_WARN__DUPLICATE_METHOD_MATCH = YES;
				"CODE_SIGN_IDENTITY[sdk=iphoneos*]" = "iPhone Developer";
				COPY_PHASE_STRIP = YES;
				ENABLE_NS_ASSERTIONS = NO;
				ENABLE_STRICT_OBJC_MSGSEND = YES;
				GCC_C_LANGUAGE_STANDARD = gnu99;
				GCC_WARN_64_TO_32_BIT_CONVERSION = YES;
				GCC_WARN_ABOUT_RETURN_TYPE = YES_ERROR;
				GCC_WARN_UNDECLARED_SELECTOR = YES;
				GCC_WARN_UNINITIALIZED_AUTOS = YES_AGGRESSIVE;
				GCC_WARN_UNUSED_FUNCTION = YES;
				GCC_WARN_UNUSED_VARIABLE = YES;
				IPHONEOS_DEPLOYMENT_TARGET = 8.1;
				MTL_ENABLE_DEBUG_INFO = NO;
				SDKROOT = iphoneos;
				VALIDATE_PRODUCT = YES;
			};
			name = Release;
		};
		DD90B3E51A6D647C0095202C /* Debug */ = {
			isa = XCBuildConfiguration;
			buildSettings = {
				ASSETCATALOG_COMPILER_APPICON_NAME = AppIcon;
				INFOPLIST_FILE = DerDieDas_p/Info.plist;
				LD_RUNPATH_SEARCH_PATHS = "$(inherited) @executable_path/Frameworks";
				PRODUCT_NAME = "$(TARGET_NAME)";
			};
			name = Debug;
		};
		DD90B3E61A6D647C0095202C /* Release */ = {
			isa = XCBuildConfiguration;
			buildSettings = {
				ASSETCATALOG_COMPILER_APPICON_NAME = AppIcon;
				INFOPLIST_FILE = DerDieDas_p/Info.plist;
				LD_RUNPATH_SEARCH_PATHS = "$(inherited) @executable_path/Frameworks";
				PRODUCT_NAME = "$(TARGET_NAME)";
			};
			name = Release;
		};
		DD90B3E81A6D647C0095202C /* Debug */ = {
			isa = XCBuildConfiguration;
			buildSettings = {
				BUNDLE_LOADER = "$(TEST_HOST)";
				FRAMEWORK_SEARCH_PATHS = (
					"$(SDKROOT)/Developer/Library/Frameworks",
					"$(inherited)",
				);
				GCC_PREPROCESSOR_DEFINITIONS = (
					"DEBUG=1",
					"$(inherited)",
				);
				INFOPLIST_FILE = DerDieDas_pTests/Info.plist;
				LD_RUNPATH_SEARCH_PATHS = "$(inherited) @executable_path/Frameworks @loader_path/Frameworks";
				PRODUCT_NAME = "$(TARGET_NAME)";
				TEST_HOST = "$(BUILT_PRODUCTS_DIR)/DerDieDas_p.app/DerDieDas_p";
			};
			name = Debug;
		};
		DD90B3E91A6D647C0095202C /* Release */ = {
			isa = XCBuildConfiguration;
			buildSettings = {
				BUNDLE_LOADER = "$(TEST_HOST)";
				FRAMEWORK_SEARCH_PATHS = (
					"$(SDKROOT)/Developer/Library/Frameworks",
					"$(inherited)",
				);
				INFOPLIST_FILE = DerDieDas_pTests/Info.plist;
				LD_RUNPATH_SEARCH_PATHS = "$(inherited) @executable_path/Frameworks @loader_path/Frameworks";
				PRODUCT_NAME = "$(TARGET_NAME)";
				TEST_HOST = "$(BUILT_PRODUCTS_DIR)/DerDieDas_p.app/DerDieDas_p";
			};
			name = Release;
		};
/* End XCBuildConfiguration section */

/* Begin XCConfigurationList section */
		DD90B3C01A6D647C0095202C /* Build configuration list for PBXProject "DerDieDas_p" */ = {
			isa = XCConfigurationList;
			buildConfigurations = (
				DD90B3E21A6D647C0095202C /* Debug */,
				DD90B3E31A6D647C0095202C /* Release */,
			);
			defaultConfigurationIsVisible = 0;
			defaultConfigurationName = Release;
		};
		DD90B3E41A6D647C0095202C /* Build configuration list for PBXNativeTarget "DerDieDas_p" */ = {
			isa = XCConfigurationList;
			buildConfigurations = (
				DD90B3E51A6D647C0095202C /* Debug */,
				DD90B3E61A6D647C0095202C /* Release */,
			);
			defaultConfigurationIsVisible = 0;
			defaultConfigurationName = Release;
		};
		DD90B3E71A6D647C0095202C /* Build configuration list for PBXNativeTarget "DerDieDas_pTests" */ = {
			isa = XCConfigurationList;
			buildConfigurations = (
				DD90B3E81A6D647C0095202C /* Debug */,
				DD90B3E91A6D647C0095202C /* Release */,
			);
			defaultConfigurationIsVisible = 0;
			defaultConfigurationName = Release;
		};
/* End XCConfigurationList section */
	};
	rootObject = DD90B3BD1A6D647B0095202C /* Project object */;
}
